
Microsoft Visual Studio Solution File, Format Version 12.00
# Visual Studio 2013
VisualStudioVersion = 12.0.30723.0
MinimumVisualStudioVersion = 10.0.40219.1
Project("{FAE04EC0-301F-11D3-BF4B-00C04F79EFBC}") = "WpfVisualizer", "WpfVisualizer\WpfVisualizer.csproj", "{7A977A7F-6D67-4B65-A54C-7683D5711011}"
EndProject
Global
	GlobalSection(SolutionConfigurationPlatforms) = preSolution
		Debug|x64 = Debug|x64
		Debug|x86 = Debug|x86
		Release|x64 = Release|x64
		Release|x86 = Release|x86
	EndGlobalSection
	GlobalSection(ProjectConfigurationPlatforms) = postSolution
		{7A977A7F-6D67-4B65-A54C-7683D5711011}.Debug|x64.ActiveCfg = Debug|x64
		{7A977A7F-6D67-4B65-A54C-7683D5711011}.Debug|x64.Build.0 = Debug|x64
		{7A977A7F-6D67-4B65-A54C-7683D5711011}.Debug|x86.ActiveCfg = Debug|x86
		{7A977A7F-6D67-4B65-A54C-7683D5711011}.Debug|x86.Build.0 = Debug|x86
		{7A977A7F-6D67-4B65-A54C-7683D5711011}.Release|x64.ActiveCfg = Release|x64
		{7A977A7F-6D67-4B65-A54C-7683D5711011}.Release|x64.Build.0 = Release|x64
		{7A977A7F-6D67-4B65-A54C-7683D5711011}.Release|x86.ActiveCfg = Release|x86
		{7A977A7F-6D67-4B65-A54C-7683D5711011}.Release|x86.Build.0 = Release|x86
	EndGlobalSection
	GlobalSection(SolutionProperties) = preSolution
		HideSolutionNode = FALSE
	EndGlobalSection
EndGlobal
